
Microsoft Visual Studio Solution File, Format Version 12.00
# Visual Studio Version 16
VisualStudioVersion = 16.0.31702.278
MinimumVisualStudioVersion = 10.0.40219.1
Project("{FAE04EC0-301F-11D3-BF4B-00C04F79EFBC}") = "LGSTrayBattery", "LGSTrayBattery\LGSTrayBattery.csproj", "{CE875F60-DEF1-44AC-A9B2-666947D7529F}"
EndProject
Project("{FAE04EC0-301F-11D3-BF4B-00C04F79EFBC}") = "LGSTrayGUI", "LGSTrayGUI\LGSTrayGUI.csproj", "{279B62D4-8BB4-41DC-B792-CD0ACE8A6D62}"
EndProject
Project("{FAE04EC0-301F-11D3-BF4B-00C04F79EFBC}") = "LGSTrayCore", "LGSTrayCore\LGSTrayCore.csproj", "{CFC263A8-5480-41B1-A7BA-3B60C65AD42C}"
EndProject
Project("{FAE04EC0-301F-11D3-BF4B-00C04F79EFBC}") = "LGSTrayGHUB", "LGSTrayGHUB\LGSTrayGHUB.csproj", "{0F1F2088-5D0E-41CA-8AC7-7952F5FA30AE}"
EndProject
Project("{FAE04EC0-301F-11D3-BF4B-00C04F79EFBC}") = "LGSTrayHID", "LGSTrayHID\LGSTrayHID.csproj", "{CBD359C9-B31F-4290-BEF9-C8ED576BE4F8}"
EndProject
Global
	GlobalSection(SolutionConfigurationPlatforms) = preSolution
		Debug|Any CPU = Debug|Any CPU
		Release|Any CPU = Release|Any CPU
	EndGlobalSection
	GlobalSection(ProjectConfigurationPlatforms) = postSolution
		{CE875F60-DEF1-44AC-A9B2-666947D7529F}.Debug|Any CPU.ActiveCfg = Debug|Any CPU
		{CE875F60-DEF1-44AC-A9B2-666947D7529F}.Debug|Any CPU.Build.0 = Debug|Any CPU
		{CE875F60-DEF1-44AC-A9B2-666947D7529F}.Release|Any CPU.ActiveCfg = Release|Any CPU
		{CE875F60-DEF1-44AC-A9B2-666947D7529F}.Release|Any CPU.Build.0 = Release|Any CPU
		{279B62D4-8BB4-41DC-B792-CD0ACE8A6D62}.Debug|Any CPU.ActiveCfg = Debug|Any CPU
		{279B62D4-8BB4-41DC-B792-CD0ACE8A6D62}.Debug|Any CPU.Build.0 = Debug|Any CPU
		{279B62D4-8BB4-41DC-B792-CD0ACE8A6D62}.Release|Any CPU.ActiveCfg = Release|Any CPU
		{279B62D4-8BB4-41DC-B792-CD0ACE8A6D62}.Release|Any CPU.Build.0 = Release|Any CPU
		{CFC263A8-5480-41B1-A7BA-3B60C65AD42C}.Debug|Any CPU.ActiveCfg = Debug|Any CPU
		{CFC263A8-5480-41B1-A7BA-3B60C65AD42C}.Debug|Any CPU.Build.0 = Debug|Any CPU
		{CFC263A8-5480-41B1-A7BA-3B60C65AD42C}.Release|Any CPU.ActiveCfg = Release|Any CPU
		{CFC263A8-5480-41B1-A7BA-3B60C65AD42C}.Release|Any CPU.Build.0 = Release|Any CPU
		{0F1F2088-5D0E-41CA-8AC7-7952F5FA30AE}.Debug|Any CPU.ActiveCfg = Debug|Any CPU
		{0F1F2088-5D0E-41CA-8AC7-7952F5FA30AE}.Debug|Any CPU.Build.0 = Debug|Any CPU
		{0F1F2088-5D0E-41CA-8AC7-7952F5FA30AE}.Release|Any CPU.ActiveCfg = Release|Any CPU
		{0F1F2088-5D0E-41CA-8AC7-7952F5FA30AE}.Release|Any CPU.Build.0 = Release|Any CPU
		{CBD359C9-B31F-4290-BEF9-C8ED576BE4F8}.Debug|Any CPU.ActiveCfg = Debug|Any CPU
		{CBD359C9-B31F-4290-BEF9-C8ED576BE4F8}.Debug|Any CPU.Build.0 = Debug|Any CPU
		{CBD359C9-B31F-4290-BEF9-C8ED576BE4F8}.Release|Any CPU.ActiveCfg = Release|Any CPU
		{CBD359C9-B31F-4290-BEF9-C8ED576BE4F8}.Release|Any CPU.Build.0 = Release|Any CPU
	EndGlobalSection
	GlobalSection(SolutionProperties) = preSolution
		HideSolutionNode = FALSE
	EndGlobalSection
	GlobalSection(ExtensibilityGlobals) = postSolution
		SolutionGuid = {A32B6C11-E123-4701-A0A1-0AD0BEF8B5C8}
	EndGlobalSection
EndGlobal
